
Microsoft Visual Studio Solution File, Format Version 12.00
# Visual Studio 15
VisualStudioVersion = 15.0.28010.2026
MinimumVisualStudioVersion = 10.0.40219.1
Project("{9A19103F-16F7-4668-BE54-9A1E7A4F7556}") = "FoodService", "FoodService\FoodService.csproj", "{EF1E1C38-8C07-40FF-868C-73FFE42A5643}"
EndProject
Project("{9A19103F-16F7-4668-BE54-9A1E7A4F7556}") = "Food.EntityFramework", "Food.EntityFramework\Food.EntityFramework.csproj", "{933ACC27-7CD1-4BC8-9ED0-5E994C03FBDD}"
EndProject
Project("{9A19103F-16F7-4668-BE54-9A1E7A4F7556}") = "Food.Core.Tests", "FoodService.Core.Tests\Food.Core.Tests.csproj", "{643BE3F7-00AC-46F4-A6D9-A382525CE257}"
EndProject
Project("{2150E333-8FDC-42A3-9474-1A3956D46DE8}") = "Tests", "Tests", "{77633710-32F1-43C2-8725-A6ACB36D12F1}"
EndProject
Global
	GlobalSection(SolutionConfigurationPlatforms) = preSolution
		Debug|Any CPU = Debug|Any CPU
		Release|Any CPU = Release|Any CPU
	EndGlobalSection
	GlobalSection(ProjectConfigurationPlatforms) = postSolution
		{EF1E1C38-8C07-40FF-868C-73FFE42A5643}.Debug|Any CPU.ActiveCfg = Debug|Any CPU
		{EF1E1C38-8C07-40FF-868C-73FFE42A5643}.Debug|Any CPU.Build.0 = Debug|Any CPU
		{EF1E1C38-8C07-40FF-868C-73FFE42A5643}.Release|Any CPU.ActiveCfg = Release|Any CPU
		{EF1E1C38-8C07-40FF-868C-73FFE42A5643}.Release|Any CPU.Build.0 = Release|Any CPU
		{933ACC27-7CD1-4BC8-9ED0-5E994C03FBDD}.Debug|Any CPU.ActiveCfg = Debug|Any CPU
		{933ACC27-7CD1-4BC8-9ED0-5E994C03FBDD}.Debug|Any CPU.Build.0 = Debug|Any CPU
		{933ACC27-7CD1-4BC8-9ED0-5E994C03FBDD}.Release|Any CPU.ActiveCfg = Release|Any CPU
		{933ACC27-7CD1-4BC8-9ED0-5E994C03FBDD}.Release|Any CPU.Build.0 = Release|Any CPU
		{643BE3F7-00AC-46F4-A6D9-A382525CE257}.Debug|Any CPU.ActiveCfg = Debug|Any CPU
		{643BE3F7-00AC-46F4-A6D9-A382525CE257}.Debug|Any CPU.Build.0 = Debug|Any CPU
		{643BE3F7-00AC-46F4-A6D9-A382525CE257}.Release|Any CPU.ActiveCfg = Release|Any CPU
		{643BE3F7-00AC-46F4-A6D9-A382525CE257}.Release|Any CPU.Build.0 = Release|Any CPU
	EndGlobalSection
	GlobalSection(SolutionProperties) = preSolution
		HideSolutionNode = FALSE
	EndGlobalSection
	GlobalSection(NestedProjects) = preSolution
		{643BE3F7-00AC-46F4-A6D9-A382525CE257} = {77633710-32F1-43C2-8725-A6ACB36D12F1}
	EndGlobalSection
	GlobalSection(ExtensibilityGlobals) = postSolution
		SolutionGuid = {0ACD62CE-0A85-4C02-AFDB-2C86A43FC8BE}
	EndGlobalSection
EndGlobal
