
Microsoft Visual Studio Solution File, Format Version 12.00
# Visual Studio 15
VisualStudioVersion = 15.0.28010.2026
MinimumVisualStudioVersion = 10.0.40219.1
Project("{9A19103F-16F7-4668-BE54-9A1E7A4F7556}") = "FoodService", "FoodService\FoodService.csproj", "{EF1E1C38-8C07-40FF-868C-73FFE42A5643}"
EndProject
Project("{9A19103F-16F7-4668-BE54-9A1E7A4F7556}") = "Food.EntityFramework", "Food.EntityFramework\Food.EntityFramework.csproj", "{933ACC27-7CD1-4BC8-9ED0-5E994C03FBDD}"
EndProject
Project("{9A19103F-16F7-4668-BE54-9A1E7A4F7556}") = "Food.Core", "Food.Core\Food.Core.csproj", "{265638FF-21CC-4777-B9C2-BE12E427372E}"
EndProject
Project("{2150E333-8FDC-42A3-9474-1A3956D46DE8}") = "Tests", "Tests", "{0DDE831D-DF83-4E89-89CA-0BF2DB5E329F}"
EndProject
Project("{9A19103F-16F7-4668-BE54-9A1E7A4F7556}") = "Food.Core.Tests", "Food.Core.Tests\Food.Core.Tests.csproj", "{011C8817-C1E2-4687-BEED-43C7113612EF}"
EndProject
Project("{9A19103F-16F7-4668-BE54-9A1E7A4F7556}") = "FoodAdmin", "FoodAdmin\FoodAdmin.csproj", "{FD0D6DBE-9308-4B34-88E5-63334371D28B}"
EndProject
Global
	GlobalSection(SolutionConfigurationPlatforms) = preSolution
		Debug|Any CPU = Debug|Any CPU
		Release|Any CPU = Release|Any CPU
	EndGlobalSection
	GlobalSection(ProjectConfigurationPlatforms) = postSolution
		{EF1E1C38-8C07-40FF-868C-73FFE42A5643}.Debug|Any CPU.ActiveCfg = Debug|Any CPU
		{EF1E1C38-8C07-40FF-868C-73FFE42A5643}.Debug|Any CPU.Build.0 = Debug|Any CPU
		{EF1E1C38-8C07-40FF-868C-73FFE42A5643}.Release|Any CPU.ActiveCfg = Release|Any CPU
		{EF1E1C38-8C07-40FF-868C-73FFE42A5643}.Release|Any CPU.Build.0 = Release|Any CPU
		{933ACC27-7CD1-4BC8-9ED0-5E994C03FBDD}.Debug|Any CPU.ActiveCfg = Debug|Any CPU
		{933ACC27-7CD1-4BC8-9ED0-5E994C03FBDD}.Debug|Any CPU.Build.0 = Debug|Any CPU
		{933ACC27-7CD1-4BC8-9ED0-5E994C03FBDD}.Release|Any CPU.ActiveCfg = Release|Any CPU
		{933ACC27-7CD1-4BC8-9ED0-5E994C03FBDD}.Release|Any CPU.Build.0 = Release|Any CPU
		{265638FF-21CC-4777-B9C2-BE12E427372E}.Debug|Any CPU.ActiveCfg = Debug|Any CPU
		{265638FF-21CC-4777-B9C2-BE12E427372E}.Debug|Any CPU.Build.0 = Debug|Any CPU
		{265638FF-21CC-4777-B9C2-BE12E427372E}.Release|Any CPU.ActiveCfg = Release|Any CPU
		{265638FF-21CC-4777-B9C2-BE12E427372E}.Release|Any CPU.Build.0 = Release|Any CPU
		{011C8817-C1E2-4687-BEED-43C7113612EF}.Debug|Any CPU.ActiveCfg = Debug|Any CPU
		{011C8817-C1E2-4687-BEED-43C7113612EF}.Debug|Any CPU.Build.0 = Debug|Any CPU
		{011C8817-C1E2-4687-BEED-43C7113612EF}.Release|Any CPU.ActiveCfg = Release|Any CPU
		{011C8817-C1E2-4687-BEED-43C7113612EF}.Release|Any CPU.Build.0 = Release|Any CPU
		{FD0D6DBE-9308-4B34-88E5-63334371D28B}.Debug|Any CPU.ActiveCfg = Debug|Any CPU
		{FD0D6DBE-9308-4B34-88E5-63334371D28B}.Debug|Any CPU.Build.0 = Debug|Any CPU
		{FD0D6DBE-9308-4B34-88E5-63334371D28B}.Release|Any CPU.ActiveCfg = Release|Any CPU
		{FD0D6DBE-9308-4B34-88E5-63334371D28B}.Release|Any CPU.Build.0 = Release|Any CPU
	EndGlobalSection
	GlobalSection(SolutionProperties) = preSolution
		HideSolutionNode = FALSE
	EndGlobalSection
	GlobalSection(NestedProjects) = preSolution
		{011C8817-C1E2-4687-BEED-43C7113612EF} = {0DDE831D-DF83-4E89-89CA-0BF2DB5E329F}
	EndGlobalSection
	GlobalSection(ExtensibilityGlobals) = postSolution
		SolutionGuid = {0ACD62CE-0A85-4C02-AFDB-2C86A43FC8BE}
	EndGlobalSection
EndGlobal
